
Microsoft Visual Studio Solution File, Format Version 12.00
# Visual Studio 15
VisualStudioVersion = 15.0.28307.539
MinimumVisualStudioVersion = 10.0.40219.1
Project("{FAE04EC0-301F-11D3-BF4B-00C04F79EFBC}") = "CameraSettings", "CameraSettings\CameraSettings.csproj", "{623784BE-710E-4113-80C7-0C12D67965E3}"
EndProject
Global
	GlobalSection(SolutionConfigurationPlatforms) = preSolution
		Debug|Any CPU = Debug|Any CPU
		Release|Any CPU = Release|Any CPU
	EndGlobalSection
	GlobalSection(ProjectConfigurationPlatforms) = postSolution
		{623784BE-710E-4113-80C7-0C12D67965E3}.Debug|Any CPU.ActiveCfg = Debug|Any CPU
		{623784BE-710E-4113-80C7-0C12D67965E3}.Debug|Any CPU.Build.0 = Debug|Any CPU
		{623784BE-710E-4113-80C7-0C12D67965E3}.Release|Any CPU.ActiveCfg = Release|Any CPU
		{623784BE-710E-4113-80C7-0C12D67965E3}.Release|Any CPU.Build.0 = Release|Any CPU
	EndGlobalSection
	GlobalSection(SolutionProperties) = preSolution
		HideSolutionNode = FALSE
	EndGlobalSection
	GlobalSection(ExtensibilityGlobals) = postSolution
		SolutionGuid = {6BDFF0CB-573B-4FF3-AFF8-E7E1874E1589}
	EndGlobalSection
EndGlobal
